
Microsoft Visual Studio Solution File, Format Version 12.00
# Visual Studio Version 16
VisualStudioVersion = 16.0.31112.23
MinimumVisualStudioVersion = 10.0.40219.1
Project("{9A19103F-16F7-4668-BE54-9A1E7A4F7556}") = "DbWebAPI", "DbWebAPI.csproj", "{D32541AF-DC28-49F9-85F7-3EE48E083BFD}"
EndProject
Project("{9A19103F-16F7-4668-BE54-9A1E7A4F7556}") = "APIClientGenerator", "..\APIClientGenerator\APIClientGenerator.csproj", "{A10D6094-3982-44B4-8337-9FC1D7DA8FF7}"
EndProject
Global
	GlobalSection(SolutionConfigurationPlatforms) = preSolution
		Debug|Any CPU = Debug|Any CPU
		Release|Any CPU = Release|Any CPU
	EndGlobalSection
	GlobalSection(ProjectConfigurationPlatforms) = postSolution
		{D32541AF-DC28-49F9-85F7-3EE48E083BFD}.Debug|Any CPU.ActiveCfg = Debug|Any CPU
		{D32541AF-DC28-49F9-85F7-3EE48E083BFD}.Debug|Any CPU.Build.0 = Debug|Any CPU
		{D32541AF-DC28-49F9-85F7-3EE48E083BFD}.Release|Any CPU.ActiveCfg = Release|Any CPU
		{D32541AF-DC28-49F9-85F7-3EE48E083BFD}.Release|Any CPU.Build.0 = Release|Any CPU
		{A10D6094-3982-44B4-8337-9FC1D7DA8FF7}.Debug|Any CPU.ActiveCfg = Debug|Any CPU
		{A10D6094-3982-44B4-8337-9FC1D7DA8FF7}.Debug|Any CPU.Build.0 = Debug|Any CPU
		{A10D6094-3982-44B4-8337-9FC1D7DA8FF7}.Release|Any CPU.ActiveCfg = Release|Any CPU
		{A10D6094-3982-44B4-8337-9FC1D7DA8FF7}.Release|Any CPU.Build.0 = Release|Any CPU
	EndGlobalSection
	GlobalSection(SolutionProperties) = preSolution
		HideSolutionNode = FALSE
	EndGlobalSection
	GlobalSection(ExtensibilityGlobals) = postSolution
		SolutionGuid = {D03F86D6-1998-4F4C-9795-B5950B71B8F6}
	EndGlobalSection
EndGlobal
